PODS:
  - Kingfisher (4.10.0)
  - Nuke (7.4.2)
  - SDWebImage (4.4.2):
    - SDWebImage/Core (= 4.4.2)
  - SDWebImage/Core (4.4.2)
  - SnapKit (4.0.1)

DEPENDENCIES:
  - Kingfisher (~> 4.0)
  - Nuke
  - SDWebImage (~> 4.0)
  - SnapKit

SPEC REPOS:
  https://github.com/cocoapods/specs.git:
    - Kingfisher
    - Nuke
    - SDWebImage
    - SnapKit

SPEC CHECKSUMS:
  Kingfisher: 43c4b802d8b5256cf1f4379e9cd10b329be6d3e2
  Nuke: aee5c42001369902798f7b844611b8ae930ce333
  SDWebImage: 624d6e296c69b244bcede364c72ae0430ac14681
  SnapKit: 0de968a9fec17499afa29683b05d0c775b6d1c29

PODFILE CHECKSUM: 813f3ef6aa9a6fae9f6e62de77f4c5e9ea432bf3

COCOAPODS: 1.5.3
